Microsoft Visual Studio Solution File, Format Version 9.00
# Visual Studio 2005
Project("{F184B08F-C81C-45F6-A57F-5ABD9991F28F}") = "LPex1", "LPex1.vbproj", "{1979CD03-E381-4D08-AC77-B9274624A8FE}"
EndProject
Project("{F184B08F-C81C-45F6-A57F-5ABD9991F28F}") = "AdMIPex1", "AdMIPex1.vbproj", "{E396A5C2-5EC8-4467-818E-BE2F977619C2}"
EndProject
Project("{F184B08F-C81C-45F6-A57F-5ABD9991F28F}") = "AdMIPex2", "AdMIPex2.vbproj", "{7CB2CB0A-8C77-4234-ACDD-8FA3454015E5}"
EndProject
Project("{F184B08F-C81C-45F6-A57F-5ABD9991F28F}") = "AdMIPex3", "AdMIPex3.vbproj", "{F87EBBA4-8846-4CA2-83D5-EF5C2B77E33A}"
EndProject
Project("{F184B08F-C81C-45F6-A57F-5ABD9991F28F}") = "AdMIPex4", "AdMIPex4.vbproj", "{A91EFC8D-7C49-4E77-88E7-83318A48D129}"
EndProject
Project("{F184B08F-C81C-45F6-A57F-5ABD9991F28F}") = "AdMIPex5", "AdMIPex5.vbproj", "{74C954E5-854E-4DD0-93CF-8FAFA3082F72}"
EndProject
Project("{F184B08F-C81C-45F6-A57F-5ABD9991F28F}") = "AdMIPex6", "AdMIPex6.vbproj", "{9375FE44-BD1C-4950-A864-BE5F20BBC346}"
EndProject
Project("{F184B08F-C81C-45F6-A57F-5ABD9991F28F}") = "Blend", "Blend.vbproj", "{615EDA69-C35D-49C8-9BD9-AE5840EA8562}"
EndProject
Project("{F184B08F-C81C-45F6-A57F-5ABD9991F28F}") = "CplexServer", "CplexServer.vbproj", "{A6C69170-8A24-47B9-93D8-2DFCA3F9C205}"
EndProject
Project("{F184B08F-C81C-45F6-A57F-5ABD9991F28F}") = "CutStock", "CutStock.vbproj", "{B8233061-E300-4818-A83B-E31D35FBC6E9}"
EndProject
Project("{F184B08F-C81C-45F6-A57F-5ABD9991F28F}") = "Diet", "Diet.vbproj", "{70192B13-B55F-47DE-AF71-46707982F156}"
EndProject
Project("{F184B08F-C81C-45F6-A57F-5ABD9991F28F}") = "Etsp", "Etsp.vbproj", "{BC1AF14F-0420-4AE5-A7E5-29368170FCEC}"
EndProject
Project("{F184B08F-C81C-45F6-A57F-5ABD9991F28F}") = "Facility", "Facility.vbproj", "{DE05B909-13D8-4847-A7B1-DDB1CEE28A6F}"
EndProject
Project("{F184B08F-C81C-45F6-A57F-5ABD9991F28F}") = "FixCost1", "FixCost1.vbproj", "{BE764DD5-2889-4D47-85BA-2CE4E692194C}"
EndProject
Project("{F184B08F-C81C-45F6-A57F-5ABD9991F28F}") = "FoodManufact", "FoodManufact.vbproj", "{22F0E358-89B5-488F-9BCC-18E627ED2651}"
EndProject
Project("{F184B08F-C81C-45F6-A57F-5ABD9991F28F}") = "Goalex1", "Goalex1.vbproj", "{56DCDA7B-682F-4108-A050-56E7FAD0A7C3}"
EndProject
Project("{F184B08F-C81C-45F6-A57F-5ABD9991F28F}") = "Goalex2", "Goalex2.vbproj", "{776782B8-9565-44E0-83EC-90281AE50135}"
EndProject
Project("{F184B08F-C81C-45F6-A57F-5ABD9991F28F}") = "Goalex3", "Goalex3.vbproj", "{367F551A-48EB-431E-973F-74E101B698BC}"
EndProject
Project("{F184B08F-C81C-45F6-A57F-5ABD9991F28F}") = "InOut1", "InOut1.vbproj", "{DC2285A1-FA96-498F-AF14-7ECFA49C5824}"
EndProject
Project("{F184B08F-C81C-45F6-A57F-5ABD9991F28F}") = "InOut3", "InOut3.vbproj", "{E60BBA41-63D7-4852-B774-5FDB8F88AAA3}"
EndProject
Project("{F184B08F-C81C-45F6-A57F-5ABD9991F28F}") = "LPex2", "LPex2.vbproj", "{9F6524CF-60B1-4918-A861-64F54086FFAF}"
EndProject
Project("{F184B08F-C81C-45F6-A57F-5ABD9991F28F}") = "LPex3", "LPex3.vbproj", "{D802792D-1F3D-420F-BDE9-F19C84419D00}"
EndProject
Project("{F184B08F-C81C-45F6-A57F-5ABD9991F28F}") = "LPex4", "LPex4.vbproj", "{01036BEA-7DA7-4CB1-9045-F185BD9C9235}"
EndProject
Project("{F184B08F-C81C-45F6-A57F-5ABD9991F28F}") = "LPex6", "LPex6.vbproj", "{5377E724-C8A8-4368-8087-E96869B6794F}"
EndProject
Project("{F184B08F-C81C-45F6-A57F-5ABD9991F28F}") = "LPex7", "LPex7.vbproj", "{20957964-41DC-4ABB-841B-F8455B258CA4}"
EndProject
Project("{F184B08F-C81C-45F6-A57F-5ABD9991F28F}") = "MIPex1", "MIPex1.vbproj", "{A1DA4F1D-AD8F-4C00-BAE8-D29890EB334A}"
EndProject
Project("{F184B08F-C81C-45F6-A57F-5ABD9991F28F}") = "MIPex2", "MIPex2.vbproj", "{423903FA-9596-473B-9960-EFA3F94919B5}"
EndProject
Project("{F184B08F-C81C-45F6-A57F-5ABD9991F28F}") = "MIPex3", "MIPex3.vbproj", "{9F8FA576-5081-4109-8A99-9E08CA69BA52}"
EndProject
Project("{F184B08F-C81C-45F6-A57F-5ABD9991F28F}") = "MIPex4", "MIPex4.vbproj", "{9F8FA576-5081-4109-8A99-9E08CA69BA52}"
EndProject
Project("{F184B08F-C81C-45F6-A57F-5ABD9991F28F}") = "MIQPex1", "MIQPex1.vbproj", "{F2D70199-9A1B-4078-9B3E-3D855EDD5E4D}"
EndProject
Project("{F184B08F-C81C-45F6-A57F-5ABD9991F28F}") = "MixBlend", "MixBlend.vbproj", "{DC38CE44-43BE-4ADF-B7C9-7A635105A12B}"
EndProject
Project("{F184B08F-C81C-45F6-A57F-5ABD9991F28F}") = "Populate", "Populate.vbproj", "{DC38CE44-43BE-4ADF-B7C9-7A635105A12B}"
EndProject
Project("{F184B08F-C81C-45F6-A57F-5ABD9991F28F}") = "QCPex1", "QCPex1.vbproj", "{79DE7B87-63FE-4DC4-B97B-5884AC180691}"
EndProject
Project("{F184B08F-C81C-45F6-A57F-5ABD9991F28F}") = "QPex1", "QPex1.vbproj", "{046863DD-B961-4AB6-BCDF-8529CD3ECB96}"
EndProject
Project("{F184B08F-C81C-45F6-A57F-5ABD9991F28F}") = "QPex2", "QPex2.vbproj", "{0C9168E8-0825-4B91-90DA-5549B09E4FE3}"
EndProject
Project("{F184B08F-C81C-45F6-A57F-5ABD9991F28F}") = "Rates", "Rates.vbproj", "{F3A03742-D2C4-438F-9665-C9E003DA8B10}"
EndProject
Project("{F184B08F-C81C-45F6-A57F-5ABD9991F28F}") = "Steel", "Steel.vbproj", "{431815C4-6234-4BAD-B02D-806602CC8662}"
EndProject
Project("{F184B08F-C81C-45F6-A57F-5ABD9991F28F}") = "Transport", "Transport.vbproj", "{4EA1F44E-A808-40CC-882C-A49F9CBD5930}"
EndProject
Project("{F184B08F-C81C-45F6-A57F-5ABD9991F28F}") = "TuneSet", "TuneSet.vbproj", "{0CC00404-9469-4F1D-8A22-9095D7C2105B}"
EndProject
Project("{F184B08F-C81C-45F6-A57F-5ABD9991F28F}") = "Warehouse", "Warehouse.vbproj", "{0CC00404-9469-4F1D-8A22-9095D7C2105B}"
EndProject
Global
	GlobalSection(SolutionConfigurationPlatforms) = preSolution
		Debug|Any CPU = Debug|Any CPU
		Release|Any CPU = Release|Any CPU
	EndGlobalSection
	GlobalSection(ProjectConfigurationPlatforms) = postSolution
		{1979CD03-E381-4D08-AC77-B9274624A8FE}.Debug|Any CPU.ActiveCfg = Debug|Any CPU
		{1979CD03-E381-4D08-AC77-B9274624A8FE}.Debug|Any CPU.Build.0 = Debug|Any CPU
		{1979CD03-E381-4D08-AC77-B9274624A8FE}.Release|Any CPU.ActiveCfg = Release|Any CPU
		{1979CD03-E381-4D08-AC77-B9274624A8FE}.Release|Any CPU.Build.0 = Release|Any CPU
		{E396A5C2-5EC8-4467-818E-BE2F977619C2}.Debug|Any CPU.ActiveCfg = Debug|Any CPU
		{E396A5C2-5EC8-4467-818E-BE2F977619C2}.Debug|Any CPU.Build.0 = Debug|Any CPU
		{E396A5C2-5EC8-4467-818E-BE2F977619C2}.Release|Any CPU.ActiveCfg = Release|Any CPU
		{E396A5C2-5EC8-4467-818E-BE2F977619C2}.Release|Any CPU.Build.0 = Release|Any CPU
		{7CB2CB0A-8C77-4234-ACDD-8FA3454015E5}.Debug|Any CPU.ActiveCfg = Debug|Any CPU
		{7CB2CB0A-8C77-4234-ACDD-8FA3454015E5}.Debug|Any CPU.Build.0 = Debug|Any CPU
		{7CB2CB0A-8C77-4234-ACDD-8FA3454015E5}.Release|Any CPU.ActiveCfg = Release|Any CPU
		{7CB2CB0A-8C77-4234-ACDD-8FA3454015E5}.Release|Any CPU.Build.0 = Release|Any CPU
		{F87EBBA4-8846-4CA2-83D5-EF5C2B77E33A}.Debug|Any CPU.ActiveCfg = Debug|Any CPU
		{F87EBBA4-8846-4CA2-83D5-EF5C2B77E33A}.Debug|Any CPU.Build.0 = Debug|Any CPU
		{F87EBBA4-8846-4CA2-83D5-EF5C2B77E33A}.Release|Any CPU.ActiveCfg = Release|Any CPU
		{F87EBBA4-8846-4CA2-83D5-EF5C2B77E33A}.Release|Any CPU.Build.0 = Release|Any CPU
		{A91EFC8D-7C49-4E77-88E7-83318A48D129}.Debug|Any CPU.ActiveCfg = Debug|Any CPU
		{A91EFC8D-7C49-4E77-88E7-83318A48D129}.Debug|Any CPU.Build.0 = Debug|Any CPU
		{A91EFC8D-7C49-4E77-88E7-83318A48D129}.Release|Any CPU.ActiveCfg = Release|Any CPU
		{A91EFC8D-7C49-4E77-88E7-83318A48D129}.Release|Any CPU.Build.0 = Release|Any CPU
		{74C954E5-854E-4DD0-93CF-8FAFA3082F72}.Debug|Any CPU.ActiveCfg = Debug|Any CPU
		{74C954E5-854E-4DD0-93CF-8FAFA3082F72}.Debug|Any CPU.Build.0 = Debug|Any CPU
		{74C954E5-854E-4DD0-93CF-8FAFA3082F72}.Release|Any CPU.ActiveCfg = Release|Any CPU
		{74C954E5-854E-4DD0-93CF-8FAFA3082F72}.Release|Any CPU.Build.0 = Release|Any CPU
		{9375FE44-BD1C-4950-A864-BE5F20BBC346}.Debug|Any CPU.ActiveCfg = Debug|Any CPU
		{9375FE44-BD1C-4950-A864-BE5F20BBC346}.Debug|Any CPU.Build.0 = Debug|Any CPU
		{9375FE44-BD1C-4950-A864-BE5F20BBC346}.Release|Any CPU.ActiveCfg = Release|Any CPU
		{9375FE44-BD1C-4950-A864-BE5F20BBC346}.Release|Any CPU.Build.0 = Release|Any CPU
		{615EDA69-C35D-49C8-9BD9-AE5840EA8562}.Debug|Any CPU.ActiveCfg = Debug|Any CPU
		{615EDA69-C35D-49C8-9BD9-AE5840EA8562}.Debug|Any CPU.Build.0 = Debug|Any CPU
		{615EDA69-C35D-49C8-9BD9-AE5840EA8562}.Release|Any CPU.ActiveCfg = Release|Any CPU
		{615EDA69-C35D-49C8-9BD9-AE5840EA8562}.Release|Any CPU.Build.0 = Release|Any CPU
		{A6C69170-8A24-47B9-93D8-2DFCA3F9C205}.Debug|Any CPU.ActiveCfg = Debug|Any CPU
		{A6C69170-8A24-47B9-93D8-2DFCA3F9C205}.Debug|Any CPU.Build.0 = Debug|Any CPU
		{A6C69170-8A24-47B9-93D8-2DFCA3F9C205}.Release|Any CPU.ActiveCfg = Release|Any CPU
		{A6C69170-8A24-47B9-93D8-2DFCA3F9C205}.Release|Any CPU.Build.0 = Release|Any CPU
		{B8233061-E300-4818-A83B-E31D35FBC6E9}.Debug|Any CPU.ActiveCfg = Debug|Any CPU
		{B8233061-E300-4818-A83B-E31D35FBC6E9}.Debug|Any CPU.Build.0 = Debug|Any CPU
		{B8233061-E300-4818-A83B-E31D35FBC6E9}.Release|Any CPU.ActiveCfg = Release|Any CPU
		{B8233061-E300-4818-A83B-E31D35FBC6E9}.Release|Any CPU.Build.0 = Release|Any CPU
		{70192B13-B55F-47DE-AF71-46707982F156}.Debug|Any CPU.ActiveCfg = Debug|Any CPU
		{70192B13-B55F-47DE-AF71-46707982F156}.Debug|Any CPU.Build.0 = Debug|Any CPU
		{70192B13-B55F-47DE-AF71-46707982F156}.Release|Any CPU.ActiveCfg = Release|Any CPU
		{70192B13-B55F-47DE-AF71-46707982F156}.Release|Any CPU.Build.0 = Release|Any CPU
		{BC1AF14F-0420-4AE5-A7E5-29368170FCEC}.Debug|Any CPU.ActiveCfg = Debug|Any CPU
		{BC1AF14F-0420-4AE5-A7E5-29368170FCEC}.Debug|Any CPU.Build.0 = Debug|Any CPU
		{BC1AF14F-0420-4AE5-A7E5-29368170FCEC}.Release|Any CPU.ActiveCfg = Release|Any CPU
		{BC1AF14F-0420-4AE5-A7E5-29368170FCEC}.Release|Any CPU.Build.0 = Release|Any CPU
		{DE05B909-13D8-4847-A7B1-DDB1CEE28A6F}.Debug|Any CPU.ActiveCfg = Debug|Any CPU
		{DE05B909-13D8-4847-A7B1-DDB1CEE28A6F}.Debug|Any CPU.Build.0 = Debug|Any CPU
		{DE05B909-13D8-4847-A7B1-DDB1CEE28A6F}.Release|Any CPU.ActiveCfg = Release|Any CPU
		{DE05B909-13D8-4847-A7B1-DDB1CEE28A6F}.Release|Any CPU.Build.0 = Release|Any CPU
		{BE764DD5-2889-4D47-85BA-2CE4E692194C}.Debug|Any CPU.ActiveCfg = Debug|Any CPU
		{BE764DD5-2889-4D47-85BA-2CE4E692194C}.Debug|Any CPU.Build.0 = Debug|Any CPU
		{BE764DD5-2889-4D47-85BA-2CE4E692194C}.Release|Any CPU.ActiveCfg = Release|Any CPU
		{BE764DD5-2889-4D47-85BA-2CE4E692194C}.Release|Any CPU.Build.0 = Release|Any CPU
		{22F0E358-89B5-488F-9BCC-18E627ED2651}.Debug|Any CPU.ActiveCfg = Debug|Any CPU
		{22F0E358-89B5-488F-9BCC-18E627ED2651}.Debug|Any CPU.Build.0 = Debug|Any CPU
		{22F0E358-89B5-488F-9BCC-18E627ED2651}.Release|Any CPU.ActiveCfg = Release|Any CPU
		{22F0E358-89B5-488F-9BCC-18E627ED2651}.Release|Any CPU.Build.0 = Release|Any CPU
		{56DCDA7B-682F-4108-A050-56E7FAD0A7C3}.Debug|Any CPU.ActiveCfg = Debug|Any CPU
		{56DCDA7B-682F-4108-A050-56E7FAD0A7C3}.Debug|Any CPU.Build.0 = Debug|Any CPU
		{56DCDA7B-682F-4108-A050-56E7FAD0A7C3}.Release|Any CPU.ActiveCfg = Release|Any CPU
		{56DCDA7B-682F-4108-A050-56E7FAD0A7C3}.Release|Any CPU.Build.0 = Release|Any CPU
		{776782B8-9565-44E0-83EC-90281AE50135}.Debug|Any CPU.ActiveCfg = Debug|Any CPU
		{776782B8-9565-44E0-83EC-90281AE50135}.Debug|Any CPU.Build.0 = Debug|Any CPU
		{776782B8-9565-44E0-83EC-90281AE50135}.Release|Any CPU.ActiveCfg = Release|Any CPU
		{776782B8-9565-44E0-83EC-90281AE50135}.Release|Any CPU.Build.0 = Release|Any CPU
		{367F551A-48EB-431E-973F-74E101B698BC}.Debug|Any CPU.ActiveCfg = Debug|Any CPU
		{367F551A-48EB-431E-973F-74E101B698BC}.Debug|Any CPU.Build.0 = Debug|Any CPU
		{367F551A-48EB-431E-973F-74E101B698BC}.Release|Any CPU.ActiveCfg = Release|Any CPU
		{367F551A-48EB-431E-973F-74E101B698BC}.Release|Any CPU.Build.0 = Release|Any CPU
		{DC2285A1-FA96-498F-AF14-7ECFA49C5824}.Debug|Any CPU.ActiveCfg = Debug|Any CPU
		{DC2285A1-FA96-498F-AF14-7ECFA49C5824}.Debug|Any CPU.Build.0 = Debug|Any CPU
		{DC2285A1-FA96-498F-AF14-7ECFA49C5824}.Release|Any CPU.ActiveCfg = Release|Any CPU
		{DC2285A1-FA96-498F-AF14-7ECFA49C5824}.Release|Any CPU.Build.0 = Release|Any CPU
		{E60BBA41-63D7-4852-B774-5FDB8F88AAA3}.Debug|Any CPU.ActiveCfg = Debug|Any CPU
		{E60BBA41-63D7-4852-B774-5FDB8F88AAA3}.Debug|Any CPU.Build.0 = Debug|Any CPU
		{E60BBA41-63D7-4852-B774-5FDB8F88AAA3}.Release|Any CPU.ActiveCfg = Release|Any CPU
		{E60BBA41-63D7-4852-B774-5FDB8F88AAA3}.Release|Any CPU.Build.0 = Release|Any CPU
		{9F6524CF-60B1-4918-A861-64F54086FFAF}.Debug|Any CPU.ActiveCfg = Debug|Any CPU
		{9F6524CF-60B1-4918-A861-64F54086FFAF}.Debug|Any CPU.Build.0 = Debug|Any CPU
		{9F6524CF-60B1-4918-A861-64F54086FFAF}.Release|Any CPU.ActiveCfg = Release|Any CPU
		{9F6524CF-60B1-4918-A861-64F54086FFAF}.Release|Any CPU.Build.0 = Release|Any CPU
		{D802792D-1F3D-420F-BDE9-F19C84419D00}.Debug|Any CPU.ActiveCfg = Debug|Any CPU
		{D802792D-1F3D-420F-BDE9-F19C84419D00}.Debug|Any CPU.Build.0 = Debug|Any CPU
		{D802792D-1F3D-420F-BDE9-F19C84419D00}.Release|Any CPU.ActiveCfg = Release|Any CPU
		{D802792D-1F3D-420F-BDE9-F19C84419D00}.Release|Any CPU.Build.0 = Release|Any CPU
		{01036BEA-7DA7-4CB1-9045-F185BD9C9235}.Debug|Any CPU.ActiveCfg = Debug|Any CPU
		{01036BEA-7DA7-4CB1-9045-F185BD9C9235}.Debug|Any CPU.Build.0 = Debug|Any CPU
		{01036BEA-7DA7-4CB1-9045-F185BD9C9235}.Release|Any CPU.ActiveCfg = Release|Any CPU
		{01036BEA-7DA7-4CB1-9045-F185BD9C9235}.Release|Any CPU.Build.0 = Release|Any CPU
		{5377E724-C8A8-4368-8087-E96869B6794F}.Debug|Any CPU.ActiveCfg = Debug|Any CPU
		{5377E724-C8A8-4368-8087-E96869B6794F}.Debug|Any CPU.Build.0 = Debug|Any CPU
		{5377E724-C8A8-4368-8087-E96869B6794F}.Release|Any CPU.ActiveCfg = Release|Any CPU
		{5377E724-C8A8-4368-8087-E96869B6794F}.Release|Any CPU.Build.0 = Release|Any CPU
		{20957964-41DC-4ABB-841B-F8455B258CA4}.Debug|Any CPU.ActiveCfg = Debug|Any CPU
		{20957964-41DC-4ABB-841B-F8455B258CA4}.Debug|Any CPU.Build.0 = Debug|Any CPU
		{20957964-41DC-4ABB-841B-F8455B258CA4}.Release|Any CPU.ActiveCfg = Release|Any CPU
		{20957964-41DC-4ABB-841B-F8455B258CA4}.Release|Any CPU.Build.0 = Release|Any CPU
		{A1DA4F1D-AD8F-4C00-BAE8-D29890EB334A}.Debug|Any CPU.ActiveCfg = Debug|Any CPU
		{A1DA4F1D-AD8F-4C00-BAE8-D29890EB334A}.Debug|Any CPU.Build.0 = Debug|Any CPU
		{A1DA4F1D-AD8F-4C00-BAE8-D29890EB334A}.Release|Any CPU.ActiveCfg = Release|Any CPU
		{A1DA4F1D-AD8F-4C00-BAE8-D29890EB334A}.Release|Any CPU.Build.0 = Release|Any CPU
		{423903FA-9596-473B-9960-EFA3F94919B5}.Debug|Any CPU.ActiveCfg = Debug|Any CPU
		{423903FA-9596-473B-9960-EFA3F94919B5}.Debug|Any CPU.Build.0 = Debug|Any CPU
		{423903FA-9596-473B-9960-EFA3F94919B5}.Release|Any CPU.ActiveCfg = Release|Any CPU
		{423903FA-9596-473B-9960-EFA3F94919B5}.Release|Any CPU.Build.0 = Release|Any CPU
		{9F8FA576-5081-4109-8A99-9E08CA69BA52}.Debug|Any CPU.ActiveCfg = Debug|Any CPU
		{9F8FA576-5081-4109-8A99-9E08CA69BA52}.Debug|Any CPU.Build.0 = Debug|Any CPU
		{9F8FA576-5081-4109-8A99-9E08CA69BA52}.Release|Any CPU.ActiveCfg = Release|Any CPU
		{9F8FA576-5081-4109-8A99-9E08CA69BA52}.Release|Any CPU.Build.0 = Release|Any CPU
		{F2D70199-9A1B-4078-9B3E-3D855EDD5E4D}.Debug|Any CPU.ActiveCfg = Debug|Any CPU
		{F2D70199-9A1B-4078-9B3E-3D855EDD5E4D}.Debug|Any CPU.Build.0 = Debug|Any CPU
		{F2D70199-9A1B-4078-9B3E-3D855EDD5E4D}.Release|Any CPU.ActiveCfg = Release|Any CPU
		{F2D70199-9A1B-4078-9B3E-3D855EDD5E4D}.Release|Any CPU.Build.0 = Release|Any CPU
		{DC38CE44-43BE-4ADF-B7C9-7A635105A12B}.Debug|Any CPU.ActiveCfg = Debug|Any CPU
		{DC38CE44-43BE-4ADF-B7C9-7A635105A12B}.Debug|Any CPU.Build.0 = Debug|Any CPU
		{DC38CE44-43BE-4ADF-B7C9-7A635105A12B}.Release|Any CPU.ActiveCfg = Release|Any CPU
		{DC38CE44-43BE-4ADF-B7C9-7A635105A12B}.Release|Any CPU.Build.0 = Release|Any CPU
		{79DE7B87-63FE-4DC4-B97B-5884AC180691}.Debug|Any CPU.ActiveCfg = Debug|Any CPU
		{79DE7B87-63FE-4DC4-B97B-5884AC180691}.Debug|Any CPU.Build.0 = Debug|Any CPU
		{79DE7B87-63FE-4DC4-B97B-5884AC180691}.Release|Any CPU.ActiveCfg = Release|Any CPU
		{79DE7B87-63FE-4DC4-B97B-5884AC180691}.Release|Any CPU.Build.0 = Release|Any CPU
		{046863DD-B961-4AB6-BCDF-8529CD3ECB96}.Debug|Any CPU.ActiveCfg = Debug|Any CPU
		{046863DD-B961-4AB6-BCDF-8529CD3ECB96}.Debug|Any CPU.Build.0 = Debug|Any CPU
		{046863DD-B961-4AB6-BCDF-8529CD3ECB96}.Release|Any CPU.ActiveCfg = Release|Any CPU
		{046863DD-B961-4AB6-BCDF-8529CD3ECB96}.Release|Any CPU.Build.0 = Release|Any CPU
		{0C9168E8-0825-4B91-90DA-5549B09E4FE3}.Debug|Any CPU.ActiveCfg = Debug|Any CPU
		{0C9168E8-0825-4B91-90DA-5549B09E4FE3}.Debug|Any CPU.Build.0 = Debug|Any CPU
		{0C9168E8-0825-4B91-90DA-5549B09E4FE3}.Release|Any CPU.ActiveCfg = Release|Any CPU
		{0C9168E8-0825-4B91-90DA-5549B09E4FE3}.Release|Any CPU.Build.0 = Release|Any CPU
		{F3A03742-D2C4-438F-9665-C9E003DA8B10}.Debug|Any CPU.ActiveCfg = Debug|Any CPU
		{F3A03742-D2C4-438F-9665-C9E003DA8B10}.Debug|Any CPU.Build.0 = Debug|Any CPU
		{F3A03742-D2C4-438F-9665-C9E003DA8B10}.Release|Any CPU.ActiveCfg = Release|Any CPU
		{F3A03742-D2C4-438F-9665-C9E003DA8B10}.Release|Any CPU.Build.0 = Release|Any CPU
		{431815C4-6234-4BAD-B02D-806602CC8662}.Debug|Any CPU.ActiveCfg = Debug|Any CPU
		{431815C4-6234-4BAD-B02D-806602CC8662}.Debug|Any CPU.Build.0 = Debug|Any CPU
		{431815C4-6234-4BAD-B02D-806602CC8662}.Release|Any CPU.ActiveCfg = Release|Any CPU
		{431815C4-6234-4BAD-B02D-806602CC8662}.Release|Any CPU.Build.0 = Release|Any CPU
		{4EA1F44E-A808-40CC-882C-A49F9CBD5930}.Debug|Any CPU.ActiveCfg = Debug|Any CPU
		{4EA1F44E-A808-40CC-882C-A49F9CBD5930}.Debug|Any CPU.Build.0 = Debug|Any CPU
		{4EA1F44E-A808-40CC-882C-A49F9CBD5930}.Release|Any CPU.ActiveCfg = Release|Any CPU
		{4EA1F44E-A808-40CC-882C-A49F9CBD5930}.Release|Any CPU.Build.0 = Release|Any CPU
		{0CC00404-9469-4F1D-8A22-9095D7C2105B}.Debug|Any CPU.ActiveCfg = Debug|Any CPU
		{0CC00404-9469-4F1D-8A22-9095D7C2105B}.Debug|Any CPU.Build.0 = Debug|Any CPU
		{0CC00404-9469-4F1D-8A22-9095D7C2105B}.Release|Any CPU.ActiveCfg = Release|Any CPU
		{0CC00404-9469-4F1D-8A22-9095D7C2105B}.Release|Any CPU.Build.0 = Release|Any CPU
	EndGlobalSection
	GlobalSection(SolutionProperties) = preSolution
		HideSolutionNode = FALSE
	EndGlobalSection
EndGlobal
