Microsoft Visual Studio Solution File, Format Version 9.00
# Visual Studio 2005
Project("{8BC9CEB8-8B4A-11D0-8D11-00A0C91BC942}") = "ilolpex1", "ilolpex1.vcproj", "{CB23FAAB-53A3-45D8-B316-2750020B2A07}"
EndProject
Project("{8BC9CEB8-8B4A-11D0-8D11-00A0C91BC942}") = "admipex1", "admipex1.vcproj", "{42E29AB2-BCC8-4B64-9B8A-FE78BBCEF36F}"
EndProject
Project("{8BC9CEB8-8B4A-11D0-8D11-00A0C91BC942}") = "admipex2", "admipex2.vcproj", "{5A9E90B3-9611-4B54-912C-92804F39379F}"
EndProject
Project("{8BC9CEB8-8B4A-11D0-8D11-00A0C91BC942}") = "admipex3", "admipex3.vcproj", "{CF4BF626-7BDC-4CDF-BCB6-5456CFE5B6A8}"
EndProject
Project("{8BC9CEB8-8B4A-11D0-8D11-00A0C91BC942}") = "admipex4", "admipex4.vcproj", "{AAB65214-3EC2-418D-9EFF-22706ED290E4}"
EndProject
Project("{8BC9CEB8-8B4A-11D0-8D11-00A0C91BC942}") = "admipex5", "admipex5.vcproj", "{E94ED38E-3868-4B50-92FE-299A3044732D}"
EndProject
Project("{8BC9CEB8-8B4A-11D0-8D11-00A0C91BC942}") = "admipex6", "admipex6.vcproj", "{69D9A7EA-F620-41A0-8D63-CCC0DFD9EA4F}"
EndProject
Project("{8BC9CEB8-8B4A-11D0-8D11-00A0C91BC942}") = "admipex7", "admipex7.vcproj", "{9E82266B-BB44-4DF9-BC32-DB8040D5F013}"
EndProject
Project("{8BC9CEB8-8B4A-11D0-8D11-00A0C91BC942}") = "adpreex1", "adpreex1.vcproj", "{76996FD1-E05E-481D-8CAF-70262E304CE5}"
EndProject
Project("{8BC9CEB8-8B4A-11D0-8D11-00A0C91BC942}") = "qcpex1", "qcpex1.vcproj", "{26FAC70C-12DC-4A43-B311-F40D4647CD0B}"
EndProject
Project("{8BC9CEB8-8B4A-11D0-8D11-00A0C91BC942}") = "fixnet", "fixnet.vcproj", "{D8BFCDCC-8FA1-42D3-AB8C-49BDD686E932}"
EndProject
Project("{8BC9CEB8-8B4A-11D0-8D11-00A0C91BC942}") = "foodmanu", "foodmanu.vcproj", "{F3C743F6-2CC1-4BEF-BDF7-2EC9CAB19B37}"
EndProject
Project("{8BC9CEB8-8B4A-11D0-8D11-00A0C91BC942}") = "blend", "blend.vcproj", "{7807BB33-86CE-4C5A-8E8C-A6EC8BB747D3}"
EndProject
Project("{8BC9CEB8-8B4A-11D0-8D11-00A0C91BC942}") = "steel", "steel.vcproj", "{004C2E60-4EBF-4C8B-B2E5-06A177174629}"
EndProject
Project("{8BC9CEB8-8B4A-11D0-8D11-00A0C91BC942}") = "cutstock", "cutstock.vcproj", "{231CF40A-6606-452A-9243-A782A225DA84}"
EndProject
Project("{8BC9CEB8-8B4A-11D0-8D11-00A0C91BC942}") = "diet", "diet.vcproj", "{17C99DE1-FF5F-4ECA-A083-15718581E107}"
EndProject
Project("{8BC9CEB8-8B4A-11D0-8D11-00A0C91BC942}") = "facility", "facility.vcproj", "{259EEA2C-057F-46B6-800E-1E78D80CFE6C}"
EndProject
Project("{8BC9CEB8-8B4A-11D0-8D11-00A0C91BC942}") = "fixcost1", "fixcost1.vcproj", "{019BB717-2DB7-4A01-90D7-AD461085BC80}"
EndProject
Project("{8BC9CEB8-8B4A-11D0-8D11-00A0C91BC942}") = "iloadmipex1", "iloadmipex1.vcproj", "{F715BDE2-613E-4C72-974E-1B790B61D0C1}"
EndProject
Project("{8BC9CEB8-8B4A-11D0-8D11-00A0C91BC942}") = "iloadmipex2", "iloadmipex2.vcproj", "{6538964A-032F-427C-97C1-EBD3DC49913D}"
EndProject
Project("{8BC9CEB8-8B4A-11D0-8D11-00A0C91BC942}") = "iloadmipex3", "iloadmipex3.vcproj", "{6B7D87E6-6A5D-4263-A859-AD96267CE938}"
EndProject
Project("{8BC9CEB8-8B4A-11D0-8D11-00A0C91BC942}") = "iloadmipex4", "iloadmipex4.vcproj", "{8B89AAEC-968C-498E-8779-AAFD903F3F47}"
EndProject
Project("{8BC9CEB8-8B4A-11D0-8D11-00A0C91BC942}") = "iloadmipex5", "iloadmipex5.vcproj", "{4BD0E5E4-EDC7-4019-AFB3-EDE70B036E9A}"
EndProject
Project("{8BC9CEB8-8B4A-11D0-8D11-00A0C91BC942}") = "iloadmipex6", "iloadmipex6.vcproj", "{5D455470-577E-4323-A7A9-462A8BD12965}"
EndProject
Project("{8BC9CEB8-8B4A-11D0-8D11-00A0C91BC942}") = "ilodiet", "ilodiet.vcproj", "{A3BC410E-4EC2-4535-BA50-D1685D4215F4}"
EndProject
Project("{8BC9CEB8-8B4A-11D0-8D11-00A0C91BC942}") = "ilogoalex1", "ilogoalex1.vcproj", "{52037549-437D-4DB5-A1EC-F54DD3821C50}"
EndProject
Project("{8BC9CEB8-8B4A-11D0-8D11-00A0C91BC942}") = "ilogoalex2", "ilogoalex2.vcproj", "{7D918D91-23F1-4835-AA84-EC8E18458D9A}"
EndProject
Project("{8BC9CEB8-8B4A-11D0-8D11-00A0C91BC942}") = "ilogoalex3", "ilogoalex3.vcproj", "{0D32EC5C-AB12-4AFE-92A0-74F4D36DAB38}"
EndProject
Project("{8BC9CEB8-8B4A-11D0-8D11-00A0C91BC942}") = "ilolpex2", "ilolpex2.vcproj", "{99B5F1FE-B312-4C55-8165-5779A2B0AC09}"
EndProject
Project("{8BC9CEB8-8B4A-11D0-8D11-00A0C91BC942}") = "ilolpex3", "ilolpex3.vcproj", "{588148BB-B57E-48DD-8F07-9B86C2E31EAC}"
EndProject
Project("{8BC9CEB8-8B4A-11D0-8D11-00A0C91BC942}") = "ilolpex4", "ilolpex4.vcproj", "{8724F3A3-1331-4F24-A098-DF56AF4A6561}"
EndProject
Project("{8BC9CEB8-8B4A-11D0-8D11-00A0C91BC942}") = "ilolpex6", "ilolpex6.vcproj", "{101BC704-9C00-497A-9944-B52F21CC1915}"
EndProject
Project("{8BC9CEB8-8B4A-11D0-8D11-00A0C91BC942}") = "ilolpex7", "ilolpex7.vcproj", "{A7D75963-77D3-4412-A099-EB4CC2FCB680}"
EndProject
Project("{8BC9CEB8-8B4A-11D0-8D11-00A0C91BC942}") = "ilomipex1", "ilomipex1.vcproj", "{AB72C0D1-7E26-4209-8525-844D78B99C8F}"
EndProject
Project("{8BC9CEB8-8B4A-11D0-8D11-00A0C91BC942}") = "ilomipex2", "ilomipex2.vcproj", "{4BFFB0BC-9415-4081-9932-6D90D9B8EB19}"
EndProject
Project("{8BC9CEB8-8B4A-11D0-8D11-00A0C91BC942}") = "ilomipex3", "ilomipex3.vcproj", "{1312AA1F-1EDB-4238-86B0-C9218539FDE7}"
EndProject
Project("{8BC9CEB8-8B4A-11D0-8D11-00A0C91BC942}") = "ilomipex4", "ilomipex4.vcproj", "{1312AA1F-1EDB-4238-86B0-C9218539FDE7}"
EndProject
Project("{8BC9CEB8-8B4A-11D0-8D11-00A0C91BC942}") = "ilomiqpex1", "ilomiqpex1.vcproj", "{917999FE-BAA6-4769-B79D-5018581F10AB}"
EndProject
Project("{8BC9CEB8-8B4A-11D0-8D11-00A0C91BC942}") = "ilopopulate", "ilopopulate.vcproj", "{CB23FAAB-53A3-45D8-B316-2750020B2A07}"
EndProject
Project("{8BC9CEB8-8B4A-11D0-8D11-00A0C91BC942}") = "iloqcpex1", "iloqcpex1.vcproj", "{C262BD36-123B-4A37-9242-042F36875842}"
EndProject
Project("{8BC9CEB8-8B4A-11D0-8D11-00A0C91BC942}") = "iloqpex1", "iloqpex1.vcproj", "{8506AC6B-06A1-45ED-A273-E740D3B1C22C}"
EndProject
Project("{8BC9CEB8-8B4A-11D0-8D11-00A0C91BC942}") = "iloqpex2", "iloqpex2.vcproj", "{DC61DCB6-A841-43EF-A7F6-8D42762B1B8A}"
EndProject
Project("{8BC9CEB8-8B4A-11D0-8D11-00A0C91BC942}") = "inout1", "inout1.vcproj", "{0D42C84D-C45C-41A4-880D-67EF49027042}"
EndProject
Project("{8BC9CEB8-8B4A-11D0-8D11-00A0C91BC942}") = "inout3", "inout3.vcproj", "{A53337C1-09E8-402D-BE1E-95D3DC0E427F}"
EndProject
Project("{8BC9CEB8-8B4A-11D0-8D11-00A0C91BC942}") = "lpex1", "lpex1.vcproj", "{58DFFAE0-0E62-4056-8504-886992200E7E}"
EndProject
Project("{8BC9CEB8-8B4A-11D0-8D11-00A0C91BC942}") = "lpex2", "lpex2.vcproj", "{BC3C1D85-6E4D-40D6-87D2-625FDE3FE2BE}"
EndProject
Project("{8BC9CEB8-8B4A-11D0-8D11-00A0C91BC942}") = "lpex3", "lpex3.vcproj", "{4D242FB9-FC31-4A30-91FE-6B746FE7C736}"
EndProject
Project("{8BC9CEB8-8B4A-11D0-8D11-00A0C91BC942}") = "lpex4", "lpex4.vcproj", "{FA491E2A-B1C2-46BA-9C12-64A5F9CEADFA}"
EndProject
Project("{8BC9CEB8-8B4A-11D0-8D11-00A0C91BC942}") = "lpex5", "lpex5.vcproj", "{9999F622-4F37-44CF-AF17-9A89C209C294}"
EndProject
Project("{8BC9CEB8-8B4A-11D0-8D11-00A0C91BC942}") = "lpex6", "lpex6.vcproj", "{B9303FA3-01D5-451A-95FD-75A689F7E7A7}"
EndProject
Project("{8BC9CEB8-8B4A-11D0-8D11-00A0C91BC942}") = "lpex7", "lpex7.vcproj", "{BE1ADFB4-E068-489D-93EC-2177E1AE4880}"
EndProject
Project("{8BC9CEB8-8B4A-11D0-8D11-00A0C91BC942}") = "lpex8", "lpex8.vcproj", "{4ADA5860-BFD4-4B6B-AE76-C59827515612}"
EndProject
Project("{8BC9CEB8-8B4A-11D0-8D11-00A0C91BC942}") = "mipex1", "mipex1.vcproj", "{968798D1-9B97-498F-8B17-7086ECC5DF53}"
EndProject
Project("{8BC9CEB8-8B4A-11D0-8D11-00A0C91BC942}") = "mipex2", "mipex2.vcproj", "{625A4494-48C5-42F6-91DB-3499184FC4D3}"
EndProject
Project("{8BC9CEB8-8B4A-11D0-8D11-00A0C91BC942}") = "mipex3", "mipex3.vcproj", "{1CDAAA2B-AF41-46D5-8D61-8C01037CF5CA}"
EndProject
Project("{8BC9CEB8-8B4A-11D0-8D11-00A0C91BC942}") = "mipex4", "mipex4.vcproj", "{1CDAAA2B-AF41-46D5-8D61-8C01037CF5CA}"
EndProject
Project("{8BC9CEB8-8B4A-11D0-8D11-00A0C91BC942}") = "miqpex1", "miqpex1.vcproj", "{E0DFF8AC-CAE7-43A2-9248-3985405CC69A}"
EndProject
Project("{8BC9CEB8-8B4A-11D0-8D11-00A0C91BC942}") = "mixblend", "mixblend.vcproj", "{9D9B815F-0039-474B-8FEE-797D0E71C1FF}"
EndProject
Project("{8BC9CEB8-8B4A-11D0-8D11-00A0C91BC942}") = "netex1", "netex1.vcproj", "{C4AD8C8C-3A13-407D-9482-842F6A9975CB}"
EndProject
Project("{8BC9CEB8-8B4A-11D0-8D11-00A0C91BC942}") = "netex2", "netex2.vcproj", "{AABEA5C2-EB5E-4289-9350-9D46FBD26B5C}"
EndProject
Project("{8BC9CEB8-8B4A-11D0-8D11-00A0C91BC942}") = "populate", "populate.vcproj", "{58DFFAE0-0E62-4056-8504-886992200E7E}"
EndProject
Project("{8BC9CEB8-8B4A-11D0-8D11-00A0C91BC942}") = "qpex1", "qpex1.vcproj", "{54412FAC-8333-4624-800B-93F1101610E3}"
EndProject
Project("{8BC9CEB8-8B4A-11D0-8D11-00A0C91BC942}") = "qpex2", "qpex2.vcproj", "{ABD7E92F-C93A-412A-A1CF-9F888CEF9341}"
EndProject
Project("{8BC9CEB8-8B4A-11D0-8D11-00A0C91BC942}") = "rates", "rates.vcproj", "{B46F3DB7-51F7-4795-98BA-508609C950B1}"
EndProject
Project("{8BC9CEB8-8B4A-11D0-8D11-00A0C91BC942}") = "ilosteel", "ilosteel.vcproj", "{22D44502-CC7D-4569-B6D9-20DA7B9BBFA2}"
EndProject
Project("{8BC9CEB8-8B4A-11D0-8D11-00A0C91BC942}") = "transport", "transport.vcproj", "{B76A9B5E-537E-4F09-BA12-3EBCA698FB61}"
EndProject
Project("{8BC9CEB8-8B4A-11D0-8D11-00A0C91BC942}") = "tuneset", "tuneset.vcproj", "{58DFFAE0-0E62-4056-8504-886992200E7E}"
EndProject
Project("{8BC9CEB8-8B4A-11D0-8D11-00A0C91BC942}") = "ilotuneset", "ilotuneset.vcproj", "{34646E14-4F3B-4CF9-BD05-1DE74CCCAD60}"
EndProject
Project("{8BC9CEB8-8B4A-11D0-8D11-00A0C91BC942}") = "warehouse", "warehouse.vcproj", "{34646E14-4F3B-4CF9-BD05-1DE74CCCAD60}"
EndProject
Project("{8BC9CEB8-8B4A-11D0-8D11-00A0C91BC942}") = "etsp", "etsp.vcproj", "{4F4A61D4-6C60-47DE-89B6-6C06C4415422}"
EndProject
Project("{8BC9CEB8-8B4A-11D0-8D11-00A0C91BC942}") = "foodmanufact", "foodmanufact.vcproj", "{3D6EFF42-C9DC-4CFC-B094-BD708B359E6C}"
EndProject
Global
	GlobalSection(SolutionConfigurationPlatforms) = preSolution
		Release|Win32 = Release|Win32
	EndGlobalSection
	GlobalSection(ProjectConfigurationPlatforms) = postSolution
		{42E29AB2-BCC8-4B64-9B8A-FE78BBCEF36F}.Release|Win32.ActiveCfg = Release|Win32
		{42E29AB2-BCC8-4B64-9B8A-FE78BBCEF36F}.Release|Win32.Build.0 = Release|Win32
		{5A9E90B3-9611-4B54-912C-92804F39379F}.Release|Win32.ActiveCfg = Release|Win32
		{5A9E90B3-9611-4B54-912C-92804F39379F}.Release|Win32.Build.0 = Release|Win32
		{CF4BF626-7BDC-4CDF-BCB6-5456CFE5B6A8}.Release|Win32.ActiveCfg = Release|Win32
		{CF4BF626-7BDC-4CDF-BCB6-5456CFE5B6A8}.Release|Win32.Build.0 = Release|Win32
		{AAB65214-3EC2-418D-9EFF-22706ED290E4}.Release|Win32.ActiveCfg = Release|Win32
		{AAB65214-3EC2-418D-9EFF-22706ED290E4}.Release|Win32.Build.0 = Release|Win32
		{E94ED38E-3868-4B50-92FE-299A3044732D}.Release|Win32.ActiveCfg = Release|Win32
		{E94ED38E-3868-4B50-92FE-299A3044732D}.Release|Win32.Build.0 = Release|Win32
		{69D9A7EA-F620-41A0-8D63-CCC0DFD9EA4F}.Release|Win32.ActiveCfg = Release|Win32
		{69D9A7EA-F620-41A0-8D63-CCC0DFD9EA4F}.Release|Win32.Build.0 = Release|Win32
		{9E82266B-BB44-4DF9-BC32-DB8040D5F013}.Release|Win32.ActiveCfg = Release|Win32
		{9E82266B-BB44-4DF9-BC32-DB8040D5F013}.Release|Win32.Build.0 = Release|Win32
		{76996FD1-E05E-481D-8CAF-70262E304CE5}.Release|Win32.ActiveCfg = Release|Win32
		{76996FD1-E05E-481D-8CAF-70262E304CE5}.Release|Win32.Build.0 = Release|Win32
		{26FAC70C-12DC-4A43-B311-F40D4647CD0B}.Release|Win32.ActiveCfg = Release|Win32
		{26FAC70C-12DC-4A43-B311-F40D4647CD0B}.Release|Win32.Build.0 = Release|Win32
		{D8BFCDCC-8FA1-42D3-AB8C-49BDD686E932}.Release|Win32.ActiveCfg = Release|Win32
		{D8BFCDCC-8FA1-42D3-AB8C-49BDD686E932}.Release|Win32.Build.0 = Release|Win32
		{F3C743F6-2CC1-4BEF-BDF7-2EC9CAB19B37}.Release|Win32.ActiveCfg = Release|Win32
		{F3C743F6-2CC1-4BEF-BDF7-2EC9CAB19B37}.Release|Win32.Build.0 = Release|Win32
		{7807BB33-86CE-4C5A-8E8C-A6EC8BB747D3}.Release|Win32.ActiveCfg = Release|Win32
		{7807BB33-86CE-4C5A-8E8C-A6EC8BB747D3}.Release|Win32.Build.0 = Release|Win32
		{004C2E60-4EBF-4C8B-B2E5-06A177174629}.Release|Win32.ActiveCfg = Release|Win32
		{004C2E60-4EBF-4C8B-B2E5-06A177174629}.Release|Win32.Build.0 = Release|Win32
		{231CF40A-6606-452A-9243-A782A225DA84}.Release|Win32.ActiveCfg = Release|Win32
		{231CF40A-6606-452A-9243-A782A225DA84}.Release|Win32.Build.0 = Release|Win32
		{17C99DE1-FF5F-4ECA-A083-15718581E107}.Release|Win32.ActiveCfg = Release|Win32
		{17C99DE1-FF5F-4ECA-A083-15718581E107}.Release|Win32.Build.0 = Release|Win32
		{259EEA2C-057F-46B6-800E-1E78D80CFE6C}.Release|Win32.ActiveCfg = Release|Win32
		{259EEA2C-057F-46B6-800E-1E78D80CFE6C}.Release|Win32.Build.0 = Release|Win32
		{019BB717-2DB7-4A01-90D7-AD461085BC80}.Release|Win32.ActiveCfg = Release|Win32
		{019BB717-2DB7-4A01-90D7-AD461085BC80}.Release|Win32.Build.0 = Release|Win32
		{F715BDE2-613E-4C72-974E-1B790B61D0C1}.Release|Win32.ActiveCfg = Release|Win32
		{F715BDE2-613E-4C72-974E-1B790B61D0C1}.Release|Win32.Build.0 = Release|Win32
		{6538964A-032F-427C-97C1-EBD3DC49913D}.Release|Win32.ActiveCfg = Release|Win32
		{6538964A-032F-427C-97C1-EBD3DC49913D}.Release|Win32.Build.0 = Release|Win32
		{6B7D87E6-6A5D-4263-A859-AD96267CE938}.Release|Win32.ActiveCfg = Release|Win32
		{6B7D87E6-6A5D-4263-A859-AD96267CE938}.Release|Win32.Build.0 = Release|Win32
		{8B89AAEC-968C-498E-8779-AAFD903F3F47}.Release|Win32.ActiveCfg = Release|Win32
		{8B89AAEC-968C-498E-8779-AAFD903F3F47}.Release|Win32.Build.0 = Release|Win32
		{4BD0E5E4-EDC7-4019-AFB3-EDE70B036E9A}.Release|Win32.ActiveCfg = Release|Win32
		{4BD0E5E4-EDC7-4019-AFB3-EDE70B036E9A}.Release|Win32.Build.0 = Release|Win32
		{5D455470-577E-4323-A7A9-462A8BD12965}.Release|Win32.ActiveCfg = Release|Win32
		{5D455470-577E-4323-A7A9-462A8BD12965}.Release|Win32.Build.0 = Release|Win32
		{A3BC410E-4EC2-4535-BA50-D1685D4215F4}.Release|Win32.ActiveCfg = Release|Win32
		{A3BC410E-4EC2-4535-BA50-D1685D4215F4}.Release|Win32.Build.0 = Release|Win32
		{52037549-437D-4DB5-A1EC-F54DD3821C50}.Release|Win32.ActiveCfg = Release|Win32
		{52037549-437D-4DB5-A1EC-F54DD3821C50}.Release|Win32.Build.0 = Release|Win32
		{7D918D91-23F1-4835-AA84-EC8E18458D9A}.Release|Win32.ActiveCfg = Release|Win32
		{7D918D91-23F1-4835-AA84-EC8E18458D9A}.Release|Win32.Build.0 = Release|Win32
		{0D32EC5C-AB12-4AFE-92A0-74F4D36DAB38}.Release|Win32.ActiveCfg = Release|Win32
		{0D32EC5C-AB12-4AFE-92A0-74F4D36DAB38}.Release|Win32.Build.0 = Release|Win32
		{CB23FAAB-53A3-45D8-B316-2750020B2A07}.Release|Win32.ActiveCfg = Release|Win32
		{CB23FAAB-53A3-45D8-B316-2750020B2A07}.Release|Win32.Build.0 = Release|Win32
		{99B5F1FE-B312-4C55-8165-5779A2B0AC09}.Release|Win32.ActiveCfg = Release|Win32
		{99B5F1FE-B312-4C55-8165-5779A2B0AC09}.Release|Win32.Build.0 = Release|Win32
		{588148BB-B57E-48DD-8F07-9B86C2E31EAC}.Release|Win32.ActiveCfg = Release|Win32
		{588148BB-B57E-48DD-8F07-9B86C2E31EAC}.Release|Win32.Build.0 = Release|Win32
		{8724F3A3-1331-4F24-A098-DF56AF4A6561}.Release|Win32.ActiveCfg = Release|Win32
		{8724F3A3-1331-4F24-A098-DF56AF4A6561}.Release|Win32.Build.0 = Release|Win32
		{101BC704-9C00-497A-9944-B52F21CC1915}.Release|Win32.ActiveCfg = Release|Win32
		{101BC704-9C00-497A-9944-B52F21CC1915}.Release|Win32.Build.0 = Release|Win32
		{A7D75963-77D3-4412-A099-EB4CC2FCB680}.Release|Win32.ActiveCfg = Release|Win32
		{A7D75963-77D3-4412-A099-EB4CC2FCB680}.Release|Win32.Build.0 = Release|Win32
		{AB72C0D1-7E26-4209-8525-844D78B99C8F}.Release|Win32.ActiveCfg = Release|Win32
		{AB72C0D1-7E26-4209-8525-844D78B99C8F}.Release|Win32.Build.0 = Release|Win32
		{4BFFB0BC-9415-4081-9932-6D90D9B8EB19}.Release|Win32.ActiveCfg = Release|Win32
		{4BFFB0BC-9415-4081-9932-6D90D9B8EB19}.Release|Win32.Build.0 = Release|Win32
		{1312AA1F-1EDB-4238-86B0-C9218539FDE7}.Release|Win32.ActiveCfg = Release|Win32
		{1312AA1F-1EDB-4238-86B0-C9218539FDE7}.Release|Win32.Build.0 = Release|Win32
		{917999FE-BAA6-4769-B79D-5018581F10AB}.Release|Win32.ActiveCfg = Release|Win32
		{917999FE-BAA6-4769-B79D-5018581F10AB}.Release|Win32.Build.0 = Release|Win32
		{C262BD36-123B-4A37-9242-042F36875842}.Release|Win32.ActiveCfg = Release|Win32
		{C262BD36-123B-4A37-9242-042F36875842}.Release|Win32.Build.0 = Release|Win32
		{8506AC6B-06A1-45ED-A273-E740D3B1C22C}.Release|Win32.ActiveCfg = Release|Win32
		{8506AC6B-06A1-45ED-A273-E740D3B1C22C}.Release|Win32.Build.0 = Release|Win32
		{DC61DCB6-A841-43EF-A7F6-8D42762B1B8A}.Release|Win32.ActiveCfg = Release|Win32
		{DC61DCB6-A841-43EF-A7F6-8D42762B1B8A}.Release|Win32.Build.0 = Release|Win32
		{0D42C84D-C45C-41A4-880D-67EF49027042}.Release|Win32.ActiveCfg = Release|Win32
		{0D42C84D-C45C-41A4-880D-67EF49027042}.Release|Win32.Build.0 = Release|Win32
		{A53337C1-09E8-402D-BE1E-95D3DC0E427F}.Release|Win32.ActiveCfg = Release|Win32
		{A53337C1-09E8-402D-BE1E-95D3DC0E427F}.Release|Win32.Build.0 = Release|Win32
		{58DFFAE0-0E62-4056-8504-886992200E7E}.Release|Win32.ActiveCfg = Release|Win32
		{58DFFAE0-0E62-4056-8504-886992200E7E}.Release|Win32.Build.0 = Release|Win32
		{BC3C1D85-6E4D-40D6-87D2-625FDE3FE2BE}.Release|Win32.ActiveCfg = Release|Win32
		{BC3C1D85-6E4D-40D6-87D2-625FDE3FE2BE}.Release|Win32.Build.0 = Release|Win32
		{4D242FB9-FC31-4A30-91FE-6B746FE7C736}.Release|Win32.ActiveCfg = Release|Win32
		{4D242FB9-FC31-4A30-91FE-6B746FE7C736}.Release|Win32.Build.0 = Release|Win32
		{FA491E2A-B1C2-46BA-9C12-64A5F9CEADFA}.Release|Win32.ActiveCfg = Release|Win32
		{FA491E2A-B1C2-46BA-9C12-64A5F9CEADFA}.Release|Win32.Build.0 = Release|Win32
		{9999F622-4F37-44CF-AF17-9A89C209C294}.Release|Win32.ActiveCfg = Release|Win32
		{9999F622-4F37-44CF-AF17-9A89C209C294}.Release|Win32.Build.0 = Release|Win32
		{B9303FA3-01D5-451A-95FD-75A689F7E7A7}.Release|Win32.ActiveCfg = Release|Win32
		{B9303FA3-01D5-451A-95FD-75A689F7E7A7}.Release|Win32.Build.0 = Release|Win32
		{BE1ADFB4-E068-489D-93EC-2177E1AE4880}.Release|Win32.ActiveCfg = Release|Win32
		{BE1ADFB4-E068-489D-93EC-2177E1AE4880}.Release|Win32.Build.0 = Release|Win32
		{4ADA5860-BFD4-4B6B-AE76-C59827515612}.Release|Win32.ActiveCfg = Release|Win32
		{4ADA5860-BFD4-4B6B-AE76-C59827515612}.Release|Win32.Build.0 = Release|Win32
		{968798D1-9B97-498F-8B17-7086ECC5DF53}.Release|Win32.ActiveCfg = Release|Win32
		{968798D1-9B97-498F-8B17-7086ECC5DF53}.Release|Win32.Build.0 = Release|Win32
		{625A4494-48C5-42F6-91DB-3499184FC4D3}.Release|Win32.ActiveCfg = Release|Win32
		{625A4494-48C5-42F6-91DB-3499184FC4D3}.Release|Win32.Build.0 = Release|Win32
		{1CDAAA2B-AF41-46D5-8D61-8C01037CF5CA}.Release|Win32.ActiveCfg = Release|Win32
		{1CDAAA2B-AF41-46D5-8D61-8C01037CF5CA}.Release|Win32.Build.0 = Release|Win32
		{E0DFF8AC-CAE7-43A2-9248-3985405CC69A}.Release|Win32.ActiveCfg = Release|Win32
		{E0DFF8AC-CAE7-43A2-9248-3985405CC69A}.Release|Win32.Build.0 = Release|Win32
		{9D9B815F-0039-474B-8FEE-797D0E71C1FF}.Release|Win32.ActiveCfg = Release|Win32
		{9D9B815F-0039-474B-8FEE-797D0E71C1FF}.Release|Win32.Build.0 = Release|Win32
		{C4AD8C8C-3A13-407D-9482-842F6A9975CB}.Release|Win32.ActiveCfg = Release|Win32
		{C4AD8C8C-3A13-407D-9482-842F6A9975CB}.Release|Win32.Build.0 = Release|Win32
		{AABEA5C2-EB5E-4289-9350-9D46FBD26B5C}.Release|Win32.ActiveCfg = Release|Win32
		{AABEA5C2-EB5E-4289-9350-9D46FBD26B5C}.Release|Win32.Build.0 = Release|Win32
		{54412FAC-8333-4624-800B-93F1101610E3}.Release|Win32.ActiveCfg = Release|Win32
		{54412FAC-8333-4624-800B-93F1101610E3}.Release|Win32.Build.0 = Release|Win32
		{ABD7E92F-C93A-412A-A1CF-9F888CEF9341}.Release|Win32.ActiveCfg = Release|Win32
		{ABD7E92F-C93A-412A-A1CF-9F888CEF9341}.Release|Win32.Build.0 = Release|Win32
		{B46F3DB7-51F7-4795-98BA-508609C950B1}.Release|Win32.ActiveCfg = Release|Win32
		{B46F3DB7-51F7-4795-98BA-508609C950B1}.Release|Win32.Build.0 = Release|Win32
		{22D44502-CC7D-4569-B6D9-20DA7B9BBFA2}.Release|Win32.ActiveCfg = Release|Win32
		{22D44502-CC7D-4569-B6D9-20DA7B9BBFA2}.Release|Win32.Build.0 = Release|Win32
		{B76A9B5E-537E-4F09-BA12-3EBCA698FB61}.Release|Win32.ActiveCfg = Release|Win32
		{B76A9B5E-537E-4F09-BA12-3EBCA698FB61}.Release|Win32.Build.0 = Release|Win32
		{34646E14-4F3B-4CF9-BD05-1DE74CCCAD60}.Release|Win32.ActiveCfg = Release|Win32
		{34646E14-4F3B-4CF9-BD05-1DE74CCCAD60}.Release|Win32.Build.0 = Release|Win32
		{4F4A61D4-6C60-47DE-89B6-6C06C4415422}.Release|Win32.ActiveCfg = Release|Win32
		{4F4A61D4-6C60-47DE-89B6-6C06C4415422}.Release|Win32.Build.0 = Release|Win32
		{3D6EFF42-C9DC-4CFC-B094-BD708B359E6C}.Release|Win32.ActiveCfg = Release|Win32
		{3D6EFF42-C9DC-4CFC-B094-BD708B359E6C}.Release|Win32.Build.0 = Release|Win32
	EndGlobalSection
	GlobalSection(SolutionProperties) = preSolution
		HideSolutionNode = FALSE
	EndGlobalSection
EndGlobal
